
Microsoft Visual Studio Solution File, Format Version 12.00
# Visual Studio Version 17
VisualStudioVersion = 17.5.002.0
MinimumVisualStudioVersion = 10.0.40219.1
Project("{9A19103F-16F7-4668-BE54-9A1E7A4F7556}") = "valid-parenthesis", "valid-parenthesis.csproj", "{5E303B59-59E4-4C67-A56F-CF791CCAC80B}"
EndProject
Global
	GlobalSection(SolutionConfigurationPlatforms) = preSolution
		Debug|Any CPU = Debug|Any CPU
		Release|Any CPU = Release|Any CPU
	EndGlobalSection
	GlobalSection(ProjectConfigurationPlatforms) = postSolution
		{5E303B59-59E4-4C67-A56F-CF791CCAC80B}.Debug|Any CPU.ActiveCfg = Debug|Any CPU
		{5E303B59-59E4-4C67-A56F-CF791CCAC80B}.Debug|Any CPU.Build.0 = Debug|Any CPU
		{5E303B59-59E4-4C67-A56F-CF791CCAC80B}.Release|Any CPU.ActiveCfg = Release|Any CPU
		{5E303B59-59E4-4C67-A56F-CF791CCAC80B}.Release|Any CPU.Build.0 = Release|Any CPU
	EndGlobalSection
	GlobalSection(SolutionProperties) = preSolution
		HideSolutionNode = FALSE
	EndGlobalSection
	GlobalSection(ExtensibilityGlobals) = postSolution
		SolutionGuid = {45980D36-1AAB-4DAD-8534-FAC30B2A2466}
	EndGlobalSection
EndGlobal
